Microsoft Visual Studio Solution File, Format Version 11.00
# Visual Studio 2008

Project("{03055F70-1908-2092-A500-FF9C6A27A758}") = "mouse-in-a-maze-game", "Assembly-CSharp.csproj", "{DE0FAC3B-B14A-833D-AA9F-5AF8C6608736}"
EndProject
Global
	GlobalSection(SolutionConfigurationPlatforms) = preSolution
		Debug|Any CPU = Debug|Any CPU
		Release|Any CPU = Release|Any CPU
	EndGlobalSection
	GlobalSection(ProjectConfigurationPlatforms) = postSolution
		{DE0FAC3B-B14A-833D-AA9F-5AF8C6608736}.Debug|Any CPU.ActiveCfg = Debug|Any CPU
		{DE0FAC3B-B14A-833D-AA9F-5AF8C6608736}.Debug|Any CPU.Build.0 = Debug|Any CPU
		{DE0FAC3B-B14A-833D-AA9F-5AF8C6608736}.Release|Any CPU.ActiveCfg = Release|Any CPU
		{DE0FAC3B-B14A-833D-AA9F-5AF8C6608736}.Release|Any CPU.Build.0 = Release|Any CPU
	EndGlobalSection
	GlobalSection(SolutionProperties) = preSolution
		HideSolutionNode = FALSE
	EndGlobalSection
	GlobalSection(MonoDevelopProperties) = preSolution
		StartupItem = Assembly-CSharp.csproj
	EndGlobalSection
EndGlobal
