
Microsoft Visual Studio Solution File, Format Version 12.00
# Visual Studio 14
VisualStudioVersion = 14.0.24720.0
MinimumVisualStudioVersion = 10.0.40219.1
Project("{FAE04EC0-301F-11D3-BF4B-00C04F79EFBC}") = "IntVector2", "IntVector2\IntVector2.csproj", "{D30EDAF1-6EBC-4B36-9DA4-1403DA61486D}"
EndProject
Global
	GlobalSection(SolutionConfigurationPlatforms) = preSolution
		Debug|Any CPU = Debug|Any CPU
		Release|Any CPU = Release|Any CPU
	EndGlobalSection
	GlobalSection(ProjectConfigurationPlatforms) = postSolution
		{D30EDAF1-6EBC-4B36-9DA4-1403DA61486D}.Debug|Any CPU.ActiveCfg = Debug|Any CPU
		{D30EDAF1-6EBC-4B36-9DA4-1403DA61486D}.Debug|Any CPU.Build.0 = Debug|Any CPU
		{D30EDAF1-6EBC-4B36-9DA4-1403DA61486D}.Release|Any CPU.ActiveCfg = Release|Any CPU
		{D30EDAF1-6EBC-4B36-9DA4-1403DA61486D}.Release|Any CPU.Build.0 = Release|Any CPU
	EndGlobalSection
	GlobalSection(SolutionProperties) = preSolution
		HideSolutionNode = FALSE
	EndGlobalSection
EndGlobal
